
Microsoft Visual Studio Solution File, Format Version 12.00
# Visual Studio Version 16
VisualStudioVersion = 16.0.31321.278
MinimumVisualStudioVersion = 10.0.40219.1
Project("{FAE04EC0-301F-11D3-BF4B-00C04F79EFBC}") = "SimpleBankExample", "SimpleBankExample.csproj", "{BED9C0DF-94C2-4E90-A775-A16C8050B64E}"
EndProject
Global
	GlobalSection(SolutionConfigurationPlatforms) = preSolution
		Debug|Any CPU = Debug|Any CPU
		Release|Any CPU = Release|Any CPU
	EndGlobalSection
	GlobalSection(ProjectConfigurationPlatforms) = postSolution
		{BED9C0DF-94C2-4E90-A775-A16C8050B64E}.Debug|Any CPU.ActiveCfg = Debug|Any CPU
		{BED9C0DF-94C2-4E90-A775-A16C8050B64E}.Debug|Any CPU.Build.0 = Debug|Any CPU
		{BED9C0DF-94C2-4E90-A775-A16C8050B64E}.Release|Any CPU.ActiveCfg = Release|Any CPU
		{BED9C0DF-94C2-4E90-A775-A16C8050B64E}.Release|Any CPU.Build.0 = Release|Any CPU
	EndGlobalSection
	GlobalSection(SolutionProperties) = preSolution
		HideSolutionNode = FALSE
	EndGlobalSection
	GlobalSection(ExtensibilityGlobals) = postSolution
		SolutionGuid = {FAB8CB76-98D7-4BB8-A093-3D63DC9916C7}
	EndGlobalSection
EndGlobal
